
Microsoft Visual Studio Solution File, Format Version 12.00
# Visual Studio 15
VisualStudioVersion = 15.0.28307.421
MinimumVisualStudioVersion = 10.0.40219.1
Project("{9A19103F-16F7-4668-BE54-9A1E7A4F7556}") = "BugTrackingAPI", "src\BugTrackingAPI\BugTrackingAPI.csproj", "{DCA68001-AEFD-4B7E-A9CA-DECAD70BBC4A}"
EndProject
Project("{9A19103F-16F7-4668-BE54-9A1E7A4F7556}") = "BugTrackingAPI.Test", "test\BugTrackingAPI.Test\BugTrackingAPI.Test.csproj", "{CA075DF4-32B7-4402-ADB4-FAF37333B7D0}"
EndProject
Global
	GlobalSection(SolutionConfigurationPlatforms) = preSolution
		Debug|Any CPU = Debug|Any CPU
		Release|Any CPU = Release|Any CPU
	EndGlobalSection
	GlobalSection(ProjectConfigurationPlatforms) = postSolution
		{DCA68001-AEFD-4B7E-A9CA-DECAD70BBC4A}.Debug|Any CPU.ActiveCfg = Debug|Any CPU
		{DCA68001-AEFD-4B7E-A9CA-DECAD70BBC4A}.Debug|Any CPU.Build.0 = Debug|Any CPU
		{DCA68001-AEFD-4B7E-A9CA-DECAD70BBC4A}.Release|Any CPU.ActiveCfg = Release|Any CPU
		{DCA68001-AEFD-4B7E-A9CA-DECAD70BBC4A}.Release|Any CPU.Build.0 = Release|Any CPU
		{CA075DF4-32B7-4402-ADB4-FAF37333B7D0}.Debug|Any CPU.ActiveCfg = Debug|Any CPU
		{CA075DF4-32B7-4402-ADB4-FAF37333B7D0}.Debug|Any CPU.Build.0 = Debug|Any CPU
		{CA075DF4-32B7-4402-ADB4-FAF37333B7D0}.Release|Any CPU.ActiveCfg = Release|Any CPU
		{CA075DF4-32B7-4402-ADB4-FAF37333B7D0}.Release|Any CPU.Build.0 = Release|Any CPU
	EndGlobalSection
	GlobalSection(SolutionProperties) = preSolution
		HideSolutionNode = FALSE
	EndGlobalSection
	GlobalSection(ExtensibilityGlobals) = postSolution
		SolutionGuid = {88286367-7D7A-45F2-A016-69A16E196A5F}
	EndGlobalSection
EndGlobal
